
Microsoft Visual Studio Solution File, Format Version 12.00
# Visual Studio Version 16
VisualStudioVersion = 16.0.31829.152
MinimumVisualStudioVersion = 10.0.40219.1
Project("{FAE04EC0-301F-11D3-BF4B-00C04F79EFBC}") = "Sobre carga de metodos", "Sobre carga de metodos\Sobre carga de metodos.csproj", "{A22CC099-82B2-48BC-A7B1-D7EA950F373C}"
EndProject
Global
	GlobalSection(SolutionConfigurationPlatforms) = preSolution
		Debug|Any CPU = Debug|Any CPU
		Release|Any CPU = Release|Any CPU
	EndGlobalSection
	GlobalSection(ProjectConfigurationPlatforms) = postSolution
		{A22CC099-82B2-48BC-A7B1-D7EA950F373C}.Debug|Any CPU.ActiveCfg = Debug|Any CPU
		{A22CC099-82B2-48BC-A7B1-D7EA950F373C}.Debug|Any CPU.Build.0 = Debug|Any CPU
		{A22CC099-82B2-48BC-A7B1-D7EA950F373C}.Release|Any CPU.ActiveCfg = Release|Any CPU
		{A22CC099-82B2-48BC-A7B1-D7EA950F373C}.Release|Any CPU.Build.0 = Release|Any CPU
	EndGlobalSection
	GlobalSection(SolutionProperties) = preSolution
		HideSolutionNode = FALSE
	EndGlobalSection
	GlobalSection(ExtensibilityGlobals) = postSolution
		SolutionGuid = {DCD99412-3740-4DD1-9A78-6DBA0159A441}
	EndGlobalSection
EndGlobal
